
Microsoft Visual Studio Solution File, Format Version 12.00
# Visual Studio 15
VisualStudioVersion = 15.0.26124.0
MinimumVisualStudioVersion = 15.0.26124.0
Project("{2150E333-8FDC-42A3-9474-1A3956D46DE8}") = "src", "src", "{D4202AA0-8EA3-4DA8-BEAE-AFC718A3F308}"
EndProject
Project("{FAE04EC0-301F-11D3-BF4B-00C04F79EFBC}") = "BookStore.API", "src\BookStore.API\BookStore.API.csproj", "{FC3AE522-7DA7-4961-9023-921C05B838BC}"
EndProject
Project("{FAE04EC0-301F-11D3-BF4B-00C04F79EFBC}") = "BookStore.Domain", "src\BookStore.Domain\BookStore.Domain.csproj", "{B0AFA72D-2F00-4057-9653-C11B80CD30E2}"
EndProject
Project("{FAE04EC0-301F-11D3-BF4B-00C04F79EFBC}") = "BookStore.Infrastructure", "src\BookStore.Infrastructure\BookStore.Infrastructure.csproj", "{AD0E0C31-AF0E-42D4-A99D-5A81F84EF84A}"
EndProject
Global
	GlobalSection(SolutionConfigurationPlatforms) = preSolution
		Debug|Any CPU = Debug|Any CPU
		Debug|x64 = Debug|x64
		Debug|x86 = Debug|x86
		Release|Any CPU = Release|Any CPU
		Release|x64 = Release|x64
		Release|x86 = Release|x86
	EndGlobalSection
	GlobalSection(SolutionProperties) = preSolution
		HideSolutionNode = FALSE
	EndGlobalSection
	GlobalSection(ProjectConfigurationPlatforms) = postSolution
		{FC3AE522-7DA7-4961-9023-921C05B838BC}.Debug|Any CPU.ActiveCfg = Debug|Any CPU
		{FC3AE522-7DA7-4961-9023-921C05B838BC}.Debug|Any CPU.Build.0 = Debug|Any CPU
		{FC3AE522-7DA7-4961-9023-921C05B838BC}.Debug|x64.ActiveCfg = Debug|Any CPU
		{FC3AE522-7DA7-4961-9023-921C05B838BC}.Debug|x64.Build.0 = Debug|Any CPU
		{FC3AE522-7DA7-4961-9023-921C05B838BC}.Debug|x86.ActiveCfg = Debug|Any CPU
		{FC3AE522-7DA7-4961-9023-921C05B838BC}.Debug|x86.Build.0 = Debug|Any CPU
		{FC3AE522-7DA7-4961-9023-921C05B838BC}.Release|Any CPU.ActiveCfg = Release|Any CPU
		{FC3AE522-7DA7-4961-9023-921C05B838BC}.Release|Any CPU.Build.0 = Release|Any CPU
		{FC3AE522-7DA7-4961-9023-921C05B838BC}.Release|x64.ActiveCfg = Release|Any CPU
		{FC3AE522-7DA7-4961-9023-921C05B838BC}.Release|x64.Build.0 = Release|Any CPU
		{FC3AE522-7DA7-4961-9023-921C05B838BC}.Release|x86.ActiveCfg = Release|Any CPU
		{FC3AE522-7DA7-4961-9023-921C05B838BC}.Release|x86.Build.0 = Release|Any CPU
		{B0AFA72D-2F00-4057-9653-C11B80CD30E2}.Debug|Any CPU.ActiveCfg = Debug|Any CPU
		{B0AFA72D-2F00-4057-9653-C11B80CD30E2}.Debug|Any CPU.Build.0 = Debug|Any CPU
		{B0AFA72D-2F00-4057-9653-C11B80CD30E2}.Debug|x64.ActiveCfg = Debug|Any CPU
		{B0AFA72D-2F00-4057-9653-C11B80CD30E2}.Debug|x64.Build.0 = Debug|Any CPU
		{B0AFA72D-2F00-4057-9653-C11B80CD30E2}.Debug|x86.ActiveCfg = Debug|Any CPU
		{B0AFA72D-2F00-4057-9653-C11B80CD30E2}.Debug|x86.Build.0 = Debug|Any CPU
		{B0AFA72D-2F00-4057-9653-C11B80CD30E2}.Release|Any CPU.ActiveCfg = Release|Any CPU
		{B0AFA72D-2F00-4057-9653-C11B80CD30E2}.Release|Any CPU.Build.0 = Release|Any CPU
		{B0AFA72D-2F00-4057-9653-C11B80CD30E2}.Release|x64.ActiveCfg = Release|Any CPU
		{B0AFA72D-2F00-4057-9653-C11B80CD30E2}.Release|x64.Build.0 = Release|Any CPU
		{B0AFA72D-2F00-4057-9653-C11B80CD30E2}.Release|x86.ActiveCfg = Release|Any CPU
		{B0AFA72D-2F00-4057-9653-C11B80CD30E2}.Release|x86.Build.0 = Release|Any CPU
		{AD0E0C31-AF0E-42D4-A99D-5A81F84EF84A}.Debug|Any CPU.ActiveCfg = Debug|Any CPU
		{AD0E0C31-AF0E-42D4-A99D-5A81F84EF84A}.Debug|Any CPU.Build.0 = Debug|Any CPU
		{AD0E0C31-AF0E-42D4-A99D-5A81F84EF84A}.Debug|x64.ActiveCfg = Debug|Any CPU
		{AD0E0C31-AF0E-42D4-A99D-5A81F84EF84A}.Debug|x64.Build.0 = Debug|Any CPU
		{AD0E0C31-AF0E-42D4-A99D-5A81F84EF84A}.Debug|x86.ActiveCfg = Debug|Any CPU
		{AD0E0C31-AF0E-42D4-A99D-5A81F84EF84A}.Debug|x86.Build.0 = Debug|Any CPU
		{AD0E0C31-AF0E-42D4-A99D-5A81F84EF84A}.Release|Any CPU.ActiveCfg = Release|Any CPU
		{AD0E0C31-AF0E-42D4-A99D-5A81F84EF84A}.Release|Any CPU.Build.0 = Release|Any CPU
		{AD0E0C31-AF0E-42D4-A99D-5A81F84EF84A}.Release|x64.ActiveCfg = Release|Any CPU
		{AD0E0C31-AF0E-42D4-A99D-5A81F84EF84A}.Release|x64.Build.0 = Release|Any CPU
		{AD0E0C31-AF0E-42D4-A99D-5A81F84EF84A}.Release|x86.ActiveCfg = Release|Any CPU
		{AD0E0C31-AF0E-42D4-A99D-5A81F84EF84A}.Release|x86.Build.0 = Release|Any CPU
	EndGlobalSection
	GlobalSection(NestedProjects) = preSolution
		{FC3AE522-7DA7-4961-9023-921C05B838BC} = {D4202AA0-8EA3-4DA8-BEAE-AFC718A3F308}
		{B0AFA72D-2F00-4057-9653-C11B80CD30E2} = {D4202AA0-8EA3-4DA8-BEAE-AFC718A3F308}
		{AD0E0C31-AF0E-42D4-A99D-5A81F84EF84A} = {D4202AA0-8EA3-4DA8-BEAE-AFC718A3F308}
	EndGlobalSection
EndGlobal
